
Microsoft Visual Studio Solution File, Format Version 11.00
# Visual Studio 2010
Project("{FAE04EC0-301F-11D3-BF4B-00C04F79EFBC}") = "SaiVision.Platform.DataAccess", "SaiVision.Platform.DataAccess.csproj", "{84887F1B-C733-4C15-AE0D-4CBA38B92C97}"
EndProject
Project("{FAE04EC0-301F-11D3-BF4B-00C04F79EFBC}") = "SaiVision.Platform.DataAccess.NUnit", "..\SaiVision.Platform.DataAccess.NUnit\SaiVision.Platform.DataAccess.NUnit.csproj", "{42000FED-405B-4A8D-9AEA-7399CD4BC744}"
EndProject
Global
	GlobalSection(SolutionConfigurationPlatforms) = preSolution
		Debug|Any CPU = Debug|Any CPU
		Debug|Mixed Platforms = Debug|Mixed Platforms
		Debug|x86 = Debug|x86
		Release|Any CPU = Release|Any CPU
		Release|Mixed Platforms = Release|Mixed Platforms
		Release|x86 = Release|x86
	EndGlobalSection
	GlobalSection(ProjectConfigurationPlatforms) = postSolution
		{84887F1B-C733-4C15-AE0D-4CBA38B92C97}.Debug|Any CPU.ActiveCfg = Debug|Any CPU
		{84887F1B-C733-4C15-AE0D-4CBA38B92C97}.Debug|Any CPU.Build.0 = Debug|Any CPU
		{84887F1B-C733-4C15-AE0D-4CBA38B92C97}.Debug|Mixed Platforms.ActiveCfg = Debug|Any CPU
		{84887F1B-C733-4C15-AE0D-4CBA38B92C97}.Debug|Mixed Platforms.Build.0 = Debug|Any CPU
		{84887F1B-C733-4C15-AE0D-4CBA38B92C97}.Debug|x86.ActiveCfg = Debug|Any CPU
		{84887F1B-C733-4C15-AE0D-4CBA38B92C97}.Release|Any CPU.ActiveCfg = Release|Any CPU
		{84887F1B-C733-4C15-AE0D-4CBA38B92C97}.Release|Any CPU.Build.0 = Release|Any CPU
		{84887F1B-C733-4C15-AE0D-4CBA38B92C97}.Release|Mixed Platforms.ActiveCfg = Release|Any CPU
		{84887F1B-C733-4C15-AE0D-4CBA38B92C97}.Release|Mixed Platforms.Build.0 = Release|Any CPU
		{84887F1B-C733-4C15-AE0D-4CBA38B92C97}.Release|x86.ActiveCfg = Release|Any CPU
		{42000FED-405B-4A8D-9AEA-7399CD4BC744}.Debug|Any CPU.ActiveCfg = Debug|x86
		{42000FED-405B-4A8D-9AEA-7399CD4BC744}.Debug|Mixed Platforms.ActiveCfg = Debug|x86
		{42000FED-405B-4A8D-9AEA-7399CD4BC744}.Debug|Mixed Platforms.Build.0 = Debug|x86
		{42000FED-405B-4A8D-9AEA-7399CD4BC744}.Debug|x86.ActiveCfg = Debug|x86
		{42000FED-405B-4A8D-9AEA-7399CD4BC744}.Debug|x86.Build.0 = Debug|x86
		{42000FED-405B-4A8D-9AEA-7399CD4BC744}.Release|Any CPU.ActiveCfg = Release|x86
		{42000FED-405B-4A8D-9AEA-7399CD4BC744}.Release|Mixed Platforms.ActiveCfg = Release|x86
		{42000FED-405B-4A8D-9AEA-7399CD4BC744}.Release|Mixed Platforms.Build.0 = Release|x86
		{42000FED-405B-4A8D-9AEA-7399CD4BC744}.Release|x86.ActiveCfg = Release|x86
		{42000FED-405B-4A8D-9AEA-7399CD4BC744}.Release|x86.Build.0 = Release|x86
	EndGlobalSection
	GlobalSection(SolutionProperties) = preSolution
		HideSolutionNode = FALSE
	EndGlobalSection
EndGlobal
