
Microsoft Visual Studio Solution File, Format Version 12.00
# Visual Studio 2012
Project("{FAE04EC0-301F-11D3-BF4B-00C04F79EFBC}") = "SaiVision.Tools.CodeGenerator.DataAccess", "CodeGenerator\DataAccess\src\SaiVision.Tools.CodeGenerator.DataAccess.csproj", "{1D942AC5-7942-4BD2-9476-A1CB23BF0DD0}"
EndProject
Project("{FAE04EC0-301F-11D3-BF4B-00C04F79EFBC}") = "SaiVision.Tools.CodeGenerator.Manager", "CodeGenerator\Manager\src\SaiVision.Tools.CodeGenerator.Manager.csproj", "{759F9B84-D5E0-40B3-B2ED-933B9526304C}"
EndProject
Project("{FAE04EC0-301F-11D3-BF4B-00C04F79EFBC}") = "SaiVision.Tools.CodeGenerator.ConsoleApp", "CodeGenerator\ConsoleApp\src\SaiVision.Tools.CodeGenerator.ConsoleApp.csproj", "{0395474B-B891-4ED3-9591-854FD0E6A5B9}"
EndProject
Project("{2150E333-8FDC-42A3-9474-1A3956D46DE8}") = "Tests", "Tests", "{2CA7E8EC-1622-4958-8BE8-E6CA50EADDE4}"
EndProject
Project("{2150E333-8FDC-42A3-9474-1A3956D46DE8}") = "Platform", "Platform", "{73C25025-BF1D-4817-B163-AEA36C571054}"
EndProject
Project("{2150E333-8FDC-42A3-9474-1A3956D46DE8}") = "GeneratedObjects", "GeneratedObjects", "{277244A6-98A1-470C-B8A7-AA977FCF272C}"
EndProject
Project("{FAE04EC0-301F-11D3-BF4B-00C04F79EFBC}") = "SaiVision.Platform.CodeGenerator.DataAccess", "..\Platform\CodeGenerator\DataAccess\src\SaiVision.Platform.CodeGenerator.DataAccess.csproj", "{A7FC0D32-4B20-4937-A4AD-763EACE46BC6}"
EndProject
Project("{FAE04EC0-301F-11D3-BF4B-00C04F79EFBC}") = "SaiVision.Platform.CodeGenerator.DataManagers", "..\Platform\CodeGenerator\DataManagers\src\SaiVision.Platform.CodeGenerator.DataManagers.csproj", "{886C0413-8B2E-4C59-8EA4-30F1AE70DA6A}"
EndProject
Project("{FAE04EC0-301F-11D3-BF4B-00C04F79EFBC}") = "SaiVision.Platform.CodeGenerator.DataModels", "..\Platform\CodeGenerator\DataModels\src\SaiVision.Platform.CodeGenerator.DataModels.csproj", "{BC192799-7FE0-4E59-80C7-F51FB478A44A}"
EndProject
Project("{FAE04EC0-301F-11D3-BF4B-00C04F79EFBC}") = "SaiVision.Platform.CodeGenerator.DataManagers.Tests", "..\Platform\CodeGenerator\DataManagers\tests\SaiVision.Platform.CodeGenerator.DataManagers.Tests.csproj", "{1C99EC70-0677-43DC-B3AF-0588D0BC7945}"
EndProject
Project("{FAE04EC0-301F-11D3-BF4B-00C04F79EFBC}") = "SaiVision.Tools.CodeGenerator.Manager.Tests", "CodeGenerator\Manager\tests\SaiVision.Tools.CodeGenerator.Manager.Tests.csproj", "{644AF141-7985-43DB-8453-E26C96BB0A8F}"
EndProject
Project("{2150E333-8FDC-42A3-9474-1A3956D46DE8}") = "ProjectReferences", "ProjectReferences", "{84B66FBD-323A-4B50-ADE4-2BD37220A748}"
EndProject
Project("{2150E333-8FDC-42A3-9474-1A3956D46DE8}") = "Tools", "Tools", "{8298478D-D25C-4C91-9100-FAF5B5C7445A}"
EndProject
Project("{2150E333-8FDC-42A3-9474-1A3956D46DE8}") = "Solution Items", "Solution Items", "{EBD02202-3B3A-44DD-BD9C-EA61824E3EBB}"
EndProject
Project("{FAE04EC0-301F-11D3-BF4B-00C04F79EFBC}") = "SaiVision.Tools.CodeGenerator.WindowsFormsWPF", "CodeGenerator\WindowsFormsWPF\src\SaiVision.Tools.CodeGenerator.WindowsFormsWPF.csproj", "{D8C14D32-F78C-4AB9-AB55-BFB8B5CC8F0E}"
EndProject
Project("{FAE04EC0-301F-11D3-BF4B-00C04F79EFBC}") = "SaiVision.Tools.CodeGenerator.ViewModels", "CodeGenerator\ViewModels\src\SaiVision.Tools.CodeGenerator.ViewModels.csproj", "{684CF4BD-756E-4B5A-B241-B684493F2229}"
EndProject
Project("{FAE04EC0-301F-11D3-BF4B-00C04F79EFBC}") = "SaiVision.Platform.CommonUtil", "..\Platform\CommonUtil\src\SaiVision.Platform.CommonUtil.csproj", "{38D75C42-6371-42D0-8218-CCB283DB942F}"
EndProject
Project("{FAE04EC0-301F-11D3-BF4B-00C04F79EFBC}") = "MicroMvvm", "CodeGenerator\ViewModels\MicroMvvm\MicroMvvm.csproj", "{9EFE6CBD-DF21-436E-9F81-E258BAB0B653}"
EndProject
Project("{FAE04EC0-301F-11D3-BF4B-00C04F79EFBC}") = "SaiVision.Platform.CommonLibrary", "..\Platform\CommonLibrary\src\SaiVision.Platform.CommonLibrary.csproj", "{07D541F9-06D5-4A38-BD26-1E6F93B05918}"
EndProject
Global
	GlobalSection(SolutionConfigurationPlatforms) = preSolution
		Debug|Any CPU = Debug|Any CPU
		Debug|Mixed Platforms = Debug|Mixed Platforms
		Debug|x86 = Debug|x86
		Release|Any CPU = Release|Any CPU
		Release|Mixed Platforms = Release|Mixed Platforms
		Release|x86 = Release|x86
	EndGlobalSection
	GlobalSection(ProjectConfigurationPlatforms) = postSolution
		{1D942AC5-7942-4BD2-9476-A1CB23BF0DD0}.Debug|Any CPU.ActiveCfg = Debug|Any CPU
		{1D942AC5-7942-4BD2-9476-A1CB23BF0DD0}.Debug|Any CPU.Build.0 = Debug|Any CPU
		{1D942AC5-7942-4BD2-9476-A1CB23BF0DD0}.Debug|Mixed Platforms.ActiveCfg = Debug|Any CPU
		{1D942AC5-7942-4BD2-9476-A1CB23BF0DD0}.Debug|Mixed Platforms.Build.0 = Debug|Any CPU
		{1D942AC5-7942-4BD2-9476-A1CB23BF0DD0}.Debug|x86.ActiveCfg = Debug|Any CPU
		{1D942AC5-7942-4BD2-9476-A1CB23BF0DD0}.Release|Any CPU.ActiveCfg = Release|Any CPU
		{1D942AC5-7942-4BD2-9476-A1CB23BF0DD0}.Release|Any CPU.Build.0 = Release|Any CPU
		{1D942AC5-7942-4BD2-9476-A1CB23BF0DD0}.Release|Mixed Platforms.ActiveCfg = Release|Any CPU
		{1D942AC5-7942-4BD2-9476-A1CB23BF0DD0}.Release|Mixed Platforms.Build.0 = Release|Any CPU
		{1D942AC5-7942-4BD2-9476-A1CB23BF0DD0}.Release|x86.ActiveCfg = Release|Any CPU
		{759F9B84-D5E0-40B3-B2ED-933B9526304C}.Debug|Any CPU.ActiveCfg = Debug|Any CPU
		{759F9B84-D5E0-40B3-B2ED-933B9526304C}.Debug|Any CPU.Build.0 = Debug|Any CPU
		{759F9B84-D5E0-40B3-B2ED-933B9526304C}.Debug|Mixed Platforms.ActiveCfg = Debug|Any CPU
		{759F9B84-D5E0-40B3-B2ED-933B9526304C}.Debug|Mixed Platforms.Build.0 = Debug|Any CPU
		{759F9B84-D5E0-40B3-B2ED-933B9526304C}.Debug|x86.ActiveCfg = Debug|Any CPU
		{759F9B84-D5E0-40B3-B2ED-933B9526304C}.Release|Any CPU.ActiveCfg = Release|Any CPU
		{759F9B84-D5E0-40B3-B2ED-933B9526304C}.Release|Any CPU.Build.0 = Release|Any CPU
		{759F9B84-D5E0-40B3-B2ED-933B9526304C}.Release|Mixed Platforms.ActiveCfg = Release|Any CPU
		{759F9B84-D5E0-40B3-B2ED-933B9526304C}.Release|Mixed Platforms.Build.0 = Release|Any CPU
		{759F9B84-D5E0-40B3-B2ED-933B9526304C}.Release|x86.ActiveCfg = Release|Any CPU
		{0395474B-B891-4ED3-9591-854FD0E6A5B9}.Debug|Any CPU.ActiveCfg = Debug|Any CPU
		{0395474B-B891-4ED3-9591-854FD0E6A5B9}.Debug|Any CPU.Build.0 = Debug|Any CPU
		{0395474B-B891-4ED3-9591-854FD0E6A5B9}.Debug|Mixed Platforms.ActiveCfg = Debug|Any CPU
		{0395474B-B891-4ED3-9591-854FD0E6A5B9}.Debug|Mixed Platforms.Build.0 = Debug|Any CPU
		{0395474B-B891-4ED3-9591-854FD0E6A5B9}.Debug|x86.ActiveCfg = Debug|Any CPU
		{0395474B-B891-4ED3-9591-854FD0E6A5B9}.Release|Any CPU.ActiveCfg = Release|Any CPU
		{0395474B-B891-4ED3-9591-854FD0E6A5B9}.Release|Any CPU.Build.0 = Release|Any CPU
		{0395474B-B891-4ED3-9591-854FD0E6A5B9}.Release|Mixed Platforms.ActiveCfg = Release|Any CPU
		{0395474B-B891-4ED3-9591-854FD0E6A5B9}.Release|Mixed Platforms.Build.0 = Release|Any CPU
		{0395474B-B891-4ED3-9591-854FD0E6A5B9}.Release|x86.ActiveCfg = Release|Any CPU
		{A7FC0D32-4B20-4937-A4AD-763EACE46BC6}.Debug|Any CPU.ActiveCfg = Debug|Any CPU
		{A7FC0D32-4B20-4937-A4AD-763EACE46BC6}.Debug|Any CPU.Build.0 = Debug|Any CPU
		{A7FC0D32-4B20-4937-A4AD-763EACE46BC6}.Debug|Mixed Platforms.ActiveCfg = Debug|Any CPU
		{A7FC0D32-4B20-4937-A4AD-763EACE46BC6}.Debug|Mixed Platforms.Build.0 = Debug|Any CPU
		{A7FC0D32-4B20-4937-A4AD-763EACE46BC6}.Debug|x86.ActiveCfg = Debug|Any CPU
		{A7FC0D32-4B20-4937-A4AD-763EACE46BC6}.Release|Any CPU.ActiveCfg = Release|Any CPU
		{A7FC0D32-4B20-4937-A4AD-763EACE46BC6}.Release|Any CPU.Build.0 = Release|Any CPU
		{A7FC0D32-4B20-4937-A4AD-763EACE46BC6}.Release|Mixed Platforms.ActiveCfg = Release|Any CPU
		{A7FC0D32-4B20-4937-A4AD-763EACE46BC6}.Release|Mixed Platforms.Build.0 = Release|Any CPU
		{A7FC0D32-4B20-4937-A4AD-763EACE46BC6}.Release|x86.ActiveCfg = Release|Any CPU
		{886C0413-8B2E-4C59-8EA4-30F1AE70DA6A}.Debug|Any CPU.ActiveCfg = Debug|Any CPU
		{886C0413-8B2E-4C59-8EA4-30F1AE70DA6A}.Debug|Any CPU.Build.0 = Debug|Any CPU
		{886C0413-8B2E-4C59-8EA4-30F1AE70DA6A}.Debug|Mixed Platforms.ActiveCfg = Debug|Any CPU
		{886C0413-8B2E-4C59-8EA4-30F1AE70DA6A}.Debug|Mixed Platforms.Build.0 = Debug|Any CPU
		{886C0413-8B2E-4C59-8EA4-30F1AE70DA6A}.Debug|x86.ActiveCfg = Debug|Any CPU
		{886C0413-8B2E-4C59-8EA4-30F1AE70DA6A}.Release|Any CPU.ActiveCfg = Release|Any CPU
		{886C0413-8B2E-4C59-8EA4-30F1AE70DA6A}.Release|Any CPU.Build.0 = Release|Any CPU
		{886C0413-8B2E-4C59-8EA4-30F1AE70DA6A}.Release|Mixed Platforms.ActiveCfg = Release|Any CPU
		{886C0413-8B2E-4C59-8EA4-30F1AE70DA6A}.Release|Mixed Platforms.Build.0 = Release|Any CPU
		{886C0413-8B2E-4C59-8EA4-30F1AE70DA6A}.Release|x86.ActiveCfg = Release|Any CPU
		{BC192799-7FE0-4E59-80C7-F51FB478A44A}.Debug|Any CPU.ActiveCfg = Debug|Any CPU
		{BC192799-7FE0-4E59-80C7-F51FB478A44A}.Debug|Any CPU.Build.0 = Debug|Any CPU
		{BC192799-7FE0-4E59-80C7-F51FB478A44A}.Debug|Mixed Platforms.ActiveCfg = Debug|Any CPU
		{BC192799-7FE0-4E59-80C7-F51FB478A44A}.Debug|Mixed Platforms.Build.0 = Debug|Any CPU
		{BC192799-7FE0-4E59-80C7-F51FB478A44A}.Debug|x86.ActiveCfg = Debug|Any CPU
		{BC192799-7FE0-4E59-80C7-F51FB478A44A}.Release|Any CPU.ActiveCfg = Release|Any CPU
		{BC192799-7FE0-4E59-80C7-F51FB478A44A}.Release|Any CPU.Build.0 = Release|Any CPU
		{BC192799-7FE0-4E59-80C7-F51FB478A44A}.Release|Mixed Platforms.ActiveCfg = Release|Any CPU
		{BC192799-7FE0-4E59-80C7-F51FB478A44A}.Release|Mixed Platforms.Build.0 = Release|Any CPU
		{BC192799-7FE0-4E59-80C7-F51FB478A44A}.Release|x86.ActiveCfg = Release|Any CPU
		{1C99EC70-0677-43DC-B3AF-0588D0BC7945}.Debug|Any CPU.ActiveCfg = Debug|Any CPU
		{1C99EC70-0677-43DC-B3AF-0588D0BC7945}.Debug|Any CPU.Build.0 = Debug|Any CPU
		{1C99EC70-0677-43DC-B3AF-0588D0BC7945}.Debug|Mixed Platforms.ActiveCfg = Debug|Any CPU
		{1C99EC70-0677-43DC-B3AF-0588D0BC7945}.Debug|Mixed Platforms.Build.0 = Debug|Any CPU
		{1C99EC70-0677-43DC-B3AF-0588D0BC7945}.Debug|x86.ActiveCfg = Debug|Any CPU
		{1C99EC70-0677-43DC-B3AF-0588D0BC7945}.Release|Any CPU.ActiveCfg = Release|Any CPU
		{1C99EC70-0677-43DC-B3AF-0588D0BC7945}.Release|Any CPU.Build.0 = Release|Any CPU
		{1C99EC70-0677-43DC-B3AF-0588D0BC7945}.Release|Mixed Platforms.ActiveCfg = Release|Any CPU
		{1C99EC70-0677-43DC-B3AF-0588D0BC7945}.Release|Mixed Platforms.Build.0 = Release|Any CPU
		{1C99EC70-0677-43DC-B3AF-0588D0BC7945}.Release|x86.ActiveCfg = Release|Any CPU
		{644AF141-7985-43DB-8453-E26C96BB0A8F}.Debug|Any CPU.ActiveCfg = Debug|Any CPU
		{644AF141-7985-43DB-8453-E26C96BB0A8F}.Debug|Any CPU.Build.0 = Debug|Any CPU
		{644AF141-7985-43DB-8453-E26C96BB0A8F}.Debug|Mixed Platforms.ActiveCfg = Debug|Any CPU
		{644AF141-7985-43DB-8453-E26C96BB0A8F}.Debug|Mixed Platforms.Build.0 = Debug|Any CPU
		{644AF141-7985-43DB-8453-E26C96BB0A8F}.Debug|x86.ActiveCfg = Debug|Any CPU
		{644AF141-7985-43DB-8453-E26C96BB0A8F}.Release|Any CPU.ActiveCfg = Release|Any CPU
		{644AF141-7985-43DB-8453-E26C96BB0A8F}.Release|Any CPU.Build.0 = Release|Any CPU
		{644AF141-7985-43DB-8453-E26C96BB0A8F}.Release|Mixed Platforms.ActiveCfg = Release|Any CPU
		{644AF141-7985-43DB-8453-E26C96BB0A8F}.Release|Mixed Platforms.Build.0 = Release|Any CPU
		{644AF141-7985-43DB-8453-E26C96BB0A8F}.Release|x86.ActiveCfg = Release|Any CPU
		{D8C14D32-F78C-4AB9-AB55-BFB8B5CC8F0E}.Debug|Any CPU.ActiveCfg = Debug|x86
		{D8C14D32-F78C-4AB9-AB55-BFB8B5CC8F0E}.Debug|Mixed Platforms.ActiveCfg = Debug|x86
		{D8C14D32-F78C-4AB9-AB55-BFB8B5CC8F0E}.Debug|Mixed Platforms.Build.0 = Debug|x86
		{D8C14D32-F78C-4AB9-AB55-BFB8B5CC8F0E}.Debug|x86.ActiveCfg = Debug|x86
		{D8C14D32-F78C-4AB9-AB55-BFB8B5CC8F0E}.Debug|x86.Build.0 = Debug|x86
		{D8C14D32-F78C-4AB9-AB55-BFB8B5CC8F0E}.Release|Any CPU.ActiveCfg = Release|x86
		{D8C14D32-F78C-4AB9-AB55-BFB8B5CC8F0E}.Release|Mixed Platforms.ActiveCfg = Release|x86
		{D8C14D32-F78C-4AB9-AB55-BFB8B5CC8F0E}.Release|Mixed Platforms.Build.0 = Release|x86
		{D8C14D32-F78C-4AB9-AB55-BFB8B5CC8F0E}.Release|x86.ActiveCfg = Release|x86
		{D8C14D32-F78C-4AB9-AB55-BFB8B5CC8F0E}.Release|x86.Build.0 = Release|x86
		{684CF4BD-756E-4B5A-B241-B684493F2229}.Debug|Any CPU.ActiveCfg = Debug|Any CPU
		{684CF4BD-756E-4B5A-B241-B684493F2229}.Debug|Any CPU.Build.0 = Debug|Any CPU
		{684CF4BD-756E-4B5A-B241-B684493F2229}.Debug|Mixed Platforms.ActiveCfg = Debug|Any CPU
		{684CF4BD-756E-4B5A-B241-B684493F2229}.Debug|Mixed Platforms.Build.0 = Debug|Any CPU
		{684CF4BD-756E-4B5A-B241-B684493F2229}.Debug|x86.ActiveCfg = Debug|Any CPU
		{684CF4BD-756E-4B5A-B241-B684493F2229}.Release|Any CPU.ActiveCfg = Release|Any CPU
		{684CF4BD-756E-4B5A-B241-B684493F2229}.Release|Any CPU.Build.0 = Release|Any CPU
		{684CF4BD-756E-4B5A-B241-B684493F2229}.Release|Mixed Platforms.ActiveCfg = Release|Any CPU
		{684CF4BD-756E-4B5A-B241-B684493F2229}.Release|Mixed Platforms.Build.0 = Release|Any CPU
		{684CF4BD-756E-4B5A-B241-B684493F2229}.Release|x86.ActiveCfg = Release|Any CPU
		{38D75C42-6371-42D0-8218-CCB283DB942F}.Debug|Any CPU.ActiveCfg = Debug|Any CPU
		{38D75C42-6371-42D0-8218-CCB283DB942F}.Debug|Any CPU.Build.0 = Debug|Any CPU
		{38D75C42-6371-42D0-8218-CCB283DB942F}.Debug|Mixed Platforms.ActiveCfg = Debug|Any CPU
		{38D75C42-6371-42D0-8218-CCB283DB942F}.Debug|Mixed Platforms.Build.0 = Debug|Any CPU
		{38D75C42-6371-42D0-8218-CCB283DB942F}.Debug|x86.ActiveCfg = Debug|Any CPU
		{38D75C42-6371-42D0-8218-CCB283DB942F}.Release|Any CPU.ActiveCfg = Release|Any CPU
		{38D75C42-6371-42D0-8218-CCB283DB942F}.Release|Any CPU.Build.0 = Release|Any CPU
		{38D75C42-6371-42D0-8218-CCB283DB942F}.Release|Mixed Platforms.ActiveCfg = Release|Any CPU
		{38D75C42-6371-42D0-8218-CCB283DB942F}.Release|Mixed Platforms.Build.0 = Release|Any CPU
		{38D75C42-6371-42D0-8218-CCB283DB942F}.Release|x86.ActiveCfg = Release|Any CPU
		{9EFE6CBD-DF21-436E-9F81-E258BAB0B653}.Debug|Any CPU.ActiveCfg = Debug|Any CPU
		{9EFE6CBD-DF21-436E-9F81-E258BAB0B653}.Debug|Any CPU.Build.0 = Debug|Any CPU
		{9EFE6CBD-DF21-436E-9F81-E258BAB0B653}.Debug|Mixed Platforms.ActiveCfg = Debug|Any CPU
		{9EFE6CBD-DF21-436E-9F81-E258BAB0B653}.Debug|Mixed Platforms.Build.0 = Debug|Any CPU
		{9EFE6CBD-DF21-436E-9F81-E258BAB0B653}.Debug|x86.ActiveCfg = Debug|Any CPU
		{9EFE6CBD-DF21-436E-9F81-E258BAB0B653}.Release|Any CPU.ActiveCfg = Release|Any CPU
		{9EFE6CBD-DF21-436E-9F81-E258BAB0B653}.Release|Any CPU.Build.0 = Release|Any CPU
		{9EFE6CBD-DF21-436E-9F81-E258BAB0B653}.Release|Mixed Platforms.ActiveCfg = Release|Any CPU
		{9EFE6CBD-DF21-436E-9F81-E258BAB0B653}.Release|Mixed Platforms.Build.0 = Release|Any CPU
		{9EFE6CBD-DF21-436E-9F81-E258BAB0B653}.Release|x86.ActiveCfg = Release|Any CPU
		{07D541F9-06D5-4A38-BD26-1E6F93B05918}.Debug|Any CPU.ActiveCfg = Debug|Any CPU
		{07D541F9-06D5-4A38-BD26-1E6F93B05918}.Debug|Any CPU.Build.0 = Debug|Any CPU
		{07D541F9-06D5-4A38-BD26-1E6F93B05918}.Debug|Mixed Platforms.ActiveCfg = Debug|Any CPU
		{07D541F9-06D5-4A38-BD26-1E6F93B05918}.Debug|Mixed Platforms.Build.0 = Debug|Any CPU
		{07D541F9-06D5-4A38-BD26-1E6F93B05918}.Debug|x86.ActiveCfg = Debug|Any CPU
		{07D541F9-06D5-4A38-BD26-1E6F93B05918}.Release|Any CPU.ActiveCfg = Release|Any CPU
		{07D541F9-06D5-4A38-BD26-1E6F93B05918}.Release|Any CPU.Build.0 = Release|Any CPU
		{07D541F9-06D5-4A38-BD26-1E6F93B05918}.Release|Mixed Platforms.ActiveCfg = Release|Any CPU
		{07D541F9-06D5-4A38-BD26-1E6F93B05918}.Release|Mixed Platforms.Build.0 = Release|Any CPU
		{07D541F9-06D5-4A38-BD26-1E6F93B05918}.Release|x86.ActiveCfg = Release|Any CPU
	EndGlobalSection
	GlobalSection(SolutionProperties) = preSolution
		HideSolutionNode = FALSE
	EndGlobalSection
	GlobalSection(NestedProjects) = preSolution
		{8298478D-D25C-4C91-9100-FAF5B5C7445A} = {84B66FBD-323A-4B50-ADE4-2BD37220A748}
		{73C25025-BF1D-4817-B163-AEA36C571054} = {84B66FBD-323A-4B50-ADE4-2BD37220A748}
		{1D942AC5-7942-4BD2-9476-A1CB23BF0DD0} = {8298478D-D25C-4C91-9100-FAF5B5C7445A}
		{759F9B84-D5E0-40B3-B2ED-933B9526304C} = {8298478D-D25C-4C91-9100-FAF5B5C7445A}
		{684CF4BD-756E-4B5A-B241-B684493F2229} = {8298478D-D25C-4C91-9100-FAF5B5C7445A}
		{9EFE6CBD-DF21-436E-9F81-E258BAB0B653} = {8298478D-D25C-4C91-9100-FAF5B5C7445A}
		{38D75C42-6371-42D0-8218-CCB283DB942F} = {73C25025-BF1D-4817-B163-AEA36C571054}
		{07D541F9-06D5-4A38-BD26-1E6F93B05918} = {73C25025-BF1D-4817-B163-AEA36C571054}
		{1C99EC70-0677-43DC-B3AF-0588D0BC7945} = {2CA7E8EC-1622-4958-8BE8-E6CA50EADDE4}
		{644AF141-7985-43DB-8453-E26C96BB0A8F} = {2CA7E8EC-1622-4958-8BE8-E6CA50EADDE4}
		{A7FC0D32-4B20-4937-A4AD-763EACE46BC6} = {277244A6-98A1-470C-B8A7-AA977FCF272C}
		{886C0413-8B2E-4C59-8EA4-30F1AE70DA6A} = {277244A6-98A1-470C-B8A7-AA977FCF272C}
		{BC192799-7FE0-4E59-80C7-F51FB478A44A} = {277244A6-98A1-470C-B8A7-AA977FCF272C}
	EndGlobalSection
EndGlobal
